# THIS IS AN AUTOGENERATED FILE. DO NOT EDIT THIS FILE DIRECTLY.
# yarn lockfile v1


base64-js@^1.0.2:
  version "1.2.0"
  resolved "http://registry.npm.taobao.org/base64-js/download/base64-js-1.2.0.tgz#a39992d723584811982be5e290bb6a53d86700f1"

buffer@^5.0.6:
  version "5.0.6"
  resolved "http://registry.npm.taobao.org/buffer/download/buffer-5.0.6.tgz#2ea669f7eec0b6eda05b08f8b5ff661b28573588"
  dependencies:
    base64-js "^1.0.2"
    ieee754 "^1.1.4"

ieee754@^1.1.4:
  version "1.1.8"
  resolved "http://registry.npm.taobao.org/ieee754/download/ieee754-1.1.8.tgz#be33d40ac10ef1926701f6f08a2d86fbfd1ad3e4"

long@^3.2.0:
  version "3.2.0"
  resolved "http://registry.npm.taobao.org/long/download/long-3.2.0.tgz#d821b7138ca1cb581c172990ef14db200b5c474b"
